
Microsoft Visual Studio Solution File, Format Version 12.00
# Visual Studio Version 16
VisualStudioVersion = 16.0.29509.3
MinimumVisualStudioVersion = 10.0.40219.1
Project("{9A19103F-16F7-4668-BE54-9A1E7A4F7556}") = "@StoreExecercice", "StoreExecercice\@StoreExecercice.csproj", "{8A7B410D-D4A6-4D95-B4F6-9BD400DC5CD4}"
EndProject
Project("{FAE04EC0-301F-11D3-BF4B-00C04F79EFBC}") = "StoreExcerciceUnitTests", "StoreExcerciceUnitTests\StoreExcerciceUnitTests.csproj", "{DB800D75-663C-4D2F-B21C-0F40A5070E84}"
EndProject
Global
	GlobalSection(SolutionConfigurationPlatforms) = preSolution
		Debug|Any CPU = Debug|Any CPU
		Release|Any CPU = Release|Any CPU
	EndGlobalSection
	GlobalSection(ProjectConfigurationPlatforms) = postSolution
		{8A7B410D-D4A6-4D95-B4F6-9BD400DC5CD4}.Debug|Any CPU.ActiveCfg = Debug|Any CPU
		{8A7B410D-D4A6-4D95-B4F6-9BD400DC5CD4}.Debug|Any CPU.Build.0 = Debug|Any CPU
		{8A7B410D-D4A6-4D95-B4F6-9BD400DC5CD4}.Release|Any CPU.ActiveCfg = Release|Any CPU
		{8A7B410D-D4A6-4D95-B4F6-9BD400DC5CD4}.Release|Any CPU.Build.0 = Release|Any CPU
		{DB800D75-663C-4D2F-B21C-0F40A5070E84}.Debug|Any CPU.ActiveCfg = Debug|Any CPU
		{DB800D75-663C-4D2F-B21C-0F40A5070E84}.Debug|Any CPU.Build.0 = Debug|Any CPU
		{DB800D75-663C-4D2F-B21C-0F40A5070E84}.Release|Any CPU.ActiveCfg = Release|Any CPU
		{DB800D75-663C-4D2F-B21C-0F40A5070E84}.Release|Any CPU.Build.0 = Release|Any CPU
	EndGlobalSection
	GlobalSection(SolutionProperties) = preSolution
		HideSolutionNode = FALSE
	EndGlobalSection
	GlobalSection(ExtensibilityGlobals) = postSolution
		SolutionGuid = {059BC7F7-0073-4138-B5D2-BD7C51173CC0}
	EndGlobalSection
EndGlobal
